<?xml version="1.0" encoding="UTF-8"?>
<Scheme
   version = "1.3">
   <BuildAction>
      <BuildActionEntries>
         <BuildActionEntry
            buildForRunning = "YES">
            <BuildableReference
               BuildableIdentifier = "primary"
               BlueprintIdentifier = "1F60C35D2168232C00580C99"
               BuildableName = "Gomoku Zero.app"
               BlueprintName = "Gomoku Zero"
               ReferencedContainer = "container:Gomoku Zero.xcodeproj">
            </BuildableReference>
         </BuildActionEntry>
      </BuildActionEntries>
   </BuildAction>
   <LaunchAction
      useCustomWorkingDirectory = "NO"
      buildConfiguration = "Debug"
      allowLocationSimulation = "YES">
      <BuildableProductRunnable>
         <BuildableReference
            BuildableIdentifier = "primary"
            BlueprintIdentifier = "1F60C35D2168232C00580C99"
            BuildableName = "Gomoku Zero.app"
            BlueprintName = "Gomoku Zero"
            ReferencedContainer = "container:Gomoku Zero.xcodeproj">
         </BuildableReference>
      </BuildableProductRunnable>
   </LaunchAction>
</Scheme>
